// !$*UTF8*$!
{
	archiveVersion = 1;
	classes = {
	};
	objectVersion = 51;
	objects = {

/* Begin PBXBuildFile section */
		4D87BBEE9016ECE9AB4C278E /* Pods_NetworkLayer.framework in Frameworks */ = {isa = PBXBuildFile; fileRef = 0539E4C62117FA308DB57C83 /* Pods_NetworkLayer.framework */; };
		EBB2253B257B9C8200F60B08 /* AppDelegate.swift in Sources */ = {isa = PBXBuildFile; fileRef = EBB2253A257B9C8200F60B08 /* AppDelegate.swift */; };
		EBB2253D257B9C8200F60B08 /* SceneDelegate.swift in Sources */ = {isa = PBXBuildFile; fileRef = EBB2253C257B9C8200F60B08 /* SceneDelegate.swift */; };
		EBB22544257B9C8300F60B08 /* Assets.xcassets in Resources */ = {isa = PBXBuildFile; fileRef = EBB22543257B9C8300F60B08 /* Assets.xcassets */; };
		EBB22547257B9C8300F60B08 /* LaunchScreen.storyboard in Resources */ = {isa = PBXBuildFile; fileRef = EBB22545257B9C8300F60B08 /* LaunchScreen.storyboard */; };
		EBB22560257B9DF300F60B08 /* HomeViewController.swift in Sources */ = {isa = PBXBuildFile; fileRef = EBB2255F257B9DF300F60B08 /* HomeViewController.swift */; };
		EBB22566257B9E5800F60B08 /* RequestModel.swift in Sources */ = {isa = PBXBuildFile; fileRef = EBB22565257B9E5800F60B08 /* RequestModel.swift */; };
		EBB2256B257B9FF700F60B08 /* Constant.swift in Sources */ = {isa = PBXBuildFile; fileRef = EBB2256A257B9FF700F60B08 /* Constant.swift */; };
		EBB22570257BA02100F60B08 /* NetworkConstants.swift in Sources */ = {isa = PBXBuildFile; fileRef = EBB2256F257BA02100F60B08 /* NetworkConstants.swift */; };
		EBB22573257BA1C900F60B08 /* ErrorModel.swift in Sources */ = {isa = PBXBuildFile; fileRef = EBB22572257BA1C900F60B08 /* ErrorModel.swift */; };
		EBB22577257BA24200F60B08 /* String+Extension.swift in Sources */ = {isa = PBXBuildFile; fileRef = EBB22576257BA24200F60B08 /* String+Extension.swift */; };
		EBB2257A257BA41800F60B08 /* ErrorKey.swift in Sources */ = {isa = PBXBuildFile; fileRef = EBB22579257BA41800F60B08 /* ErrorKey.swift */; };
		EBB2257D257BC6B800F60B08 /* ResponseModel.swift in Sources */ = {isa = PBXBuildFile; fileRef = EBB2257C257BC6B800F60B08 /* ResponseModel.swift */; };
		EBB22588257C0D8E00F60B08 /* ServiceMenager.swift in Sources */ = {isa = PBXBuildFile; fileRef = EBB22587257C0D8E00F60B08 /* ServiceMenager.swift */; };
		EBB2258B257C108A00F60B08 /* Service.swift in Sources */ = {isa = PBXBuildFile; fileRef = EBB2258A257C108A00F60B08 /* Service.swift */; };
		EBB2258F257C111200F60B08 /* MovieRequestModel.swift in Sources */ = {isa = PBXBuildFile; fileRef = EBB2258E257C111200F60B08 /* MovieRequestModel.swift */; };
		EBB22594257C11A800F60B08 /* MovieResponseModel.swift in Sources */ = {isa = PBXBuildFile; fileRef = EBB22593257C11A800F60B08 /* MovieResponseModel.swift */; };
/* End PBXBuildFile section */

/* Begin PBXFileReference section */
		0539E4C62117FA308DB57C83 /* Pods_NetworkLayer.framework */ = {isa = PBXFileReference; explicitFileType = wrapper.framework; includeInIndex = 0; path = Pods_NetworkLayer.framework; sourceTree = BUILT_PRODUCTS_DIR; };
		6184AB95950772C67346B8D2 /* Pods-NetworkLayer.debug.xcconfig */ = {isa = PBXFileReference; includeInIndex = 1; lastKnownFileType = text.xcconfig; name = "Pods-NetworkLayer.debug.xcconfig"; path = "Target Support Files/Pods-NetworkLayer/Pods-NetworkLayer.debug.xcconfig"; sourceTree = "<group>"; };
		E6BF20ABBC7BEB6E4FCC5D82 /* Pods-NetworkLayer.release.xcconfig */ = {isa = PBXFileReference; includeInIndex = 1; lastKnownFileType = text.xcconfig; name = "Pods-NetworkLayer.release.xcconfig"; path = "Target Support Files/Pods-NetworkLayer/Pods-NetworkLayer.release.xcconfig"; sourceTree = "<group>"; };
		EBB22537257B9C8200F60B08 /* NetworkLayer.app */ = {isa = PBXFileReference; explicitFileType = wrapper.application; includeInIndex = 0; path = NetworkLayer.app; sourceTree = BUILT_PRODUCTS_DIR; };
		EBB2253A257B9C8200F60B08 /* AppDelegate.swift */ = {isa = PBXFileReference; lastKnownFileType = sourcecode.swift; path = AppDelegate.swift; sourceTree = "<group>"; };
		EBB2253C257B9C8200F60B08 /* SceneDelegate.swift */ = {isa = PBXFileReference; lastKnownFileType = sourcecode.swift; path = SceneDelegate.swift; sourceTree = "<group>"; };
		EBB22543257B9C8300F60B08 /* Assets.xcassets */ = {isa = PBXFileReference; lastKnownFileType = folder.assetcatalog; path = Assets.xcassets; sourceTree = "<group>"; };
		EBB22546257B9C8300F60B08 /* Base */ = {isa = PBXFileReference; lastKnownFileType = file.storyboard; name = Base; path = Base.lproj/LaunchScreen.storyboard; sourceTree = "<group>"; };
		EBB22548257B9C8300F60B08 /* Info.plist */ = {isa = PBXFileReference; lastKnownFileType = text.plist.xml; path = Info.plist; sourceTree = "<group>"; };
		EBB2255F257B9DF300F60B08 /* HomeViewController.swift */ = {isa = PBXFileReference; lastKnownFileType = sourcecode.swift; path = HomeViewController.swift; sourceTree = "<group>"; };
		EBB22565257B9E5800F60B08 /* RequestModel.swift */ = {isa = PBXFileReference; lastKnownFileType = sourcecode.swift; path = RequestModel.swift; sourceTree = "<group>"; };
		EBB2256A257B9FF700F60B08 /* Constant.swift */ = {isa = PBXFileReference; lastKnownFileType = sourcecode.swift; path = Constant.swift; sourceTree = "<group>"; };
		EBB2256F257BA02100F60B08 /* NetworkConstants.swift */ = {isa = PBXFileReference; lastKnownFileType = sourcecode.swift; path = NetworkConstants.swift; sourceTree = "<group>"; };
		EBB22572257BA1C900F60B08 /* ErrorModel.swift */ = {isa = PBXFileReference; lastKnownFileType = sourcecode.swift; path = ErrorModel.swift; sourceTree = "<group>"; };
		EBB22576257BA24200F60B08 /* String+Extension.swift */ = {isa = PBXFileReference; lastKnownFileType = sourcecode.swift; path = "String+Extension.swift"; sourceTree = "<group>"; };
		EBB22579257BA41800F60B08 /* ErrorKey.swift */ = {isa = PBXFileReference; lastKnownFileType = sourcecode.swift; path = ErrorKey.swift; sourceTree = "<group>"; };
		EBB2257C257BC6B800F60B08 /* ResponseModel.swift */ = {isa = PBXFileReference; lastKnownFileType = sourcecode.swift; path = ResponseModel.swift; sourceTree = "<group>"; };
		EBB22587257C0D8E00F60B08 /* ServiceMenager.swift */ = {isa = PBXFileReference; lastKnownFileType = sourcecode.swift; path = ServiceMenager.swift; sourceTree = "<group>"; };
		EBB2258A257C108A00F60B08 /* Service.swift */ = {isa = PBXFileReference; lastKnownFileType = sourcecode.swift; path = Service.swift; sourceTree = "<group>"; };
		EBB2258E257C111200F60B08 /* MovieRequestModel.swift */ = {isa = PBXFileReference; lastKnownFileType = sourcecode.swift; path = MovieRequestModel.swift; sourceTree = "<group>"; };
		EBB22593257C11A800F60B08 /* MovieResponseModel.swift */ = {isa = PBXFileReference; lastKnownFileType = sourcecode.swift; path = MovieResponseModel.swift; sourceTree = "<group>"; };
/* End PBXFileReference section */

/* Begin PBXFrameworksBuildPhase section */
		EBB22534257B9C8200F60B08 /* Frameworks */ = {
			isa = PBXFrameworksBuildPhase;
			buildActionMask = 2147483647;
			files = (
				4D87BBEE9016ECE9AB4C278E /* Pods_NetworkLayer.framework in Frameworks */,
			);
			runOnlyForDeploymentPostprocessing = 0;
		};
/* End PBXFrameworksBuildPhase section */

/* Begin PBXGroup section */
		351BE5201316717ED521260F /* Pods */ = {
			isa = PBXGroup;
			children = (
				6184AB95950772C67346B8D2 /* Pods-NetworkLayer.debug.xcconfig */,
				E6BF20ABBC7BEB6E4FCC5D82 /* Pods-NetworkLayer.release.xcconfig */,
			);
			path = Pods;
			sourceTree = "<group>";
		};
		86E7D396C0A6A36987961540 /* Frameworks */ = {
			isa = PBXGroup;
			children = (
				0539E4C62117FA308DB57C83 /* Pods_NetworkLayer.framework */,
			);
			name = Frameworks;
			sourceTree = "<group>";
		};
		EBB2252E257B9C8200F60B08 = {
			isa = PBXGroup;
			children = (
				EBB22539257B9C8200F60B08 /* NetworkLayer */,
				EBB22538257B9C8200F60B08 /* Products */,
				351BE5201316717ED521260F /* Pods */,
				86E7D396C0A6A36987961540 /* Frameworks */,
			);
			sourceTree = "<group>";
		};
		EBB22538257B9C8200F60B08 /* Products */ = {
			isa = PBXGroup;
			children = (
				EBB22537257B9C8200F60B08 /* NetworkLayer.app */,
			);
			name = Products;
			sourceTree = "<group>";
		};
		EBB22539257B9C8200F60B08 /* NetworkLayer */ = {
			isa = PBXGroup;
			children = (
				EBB22552257B9D4800F60B08 /* App */,
				EBB2255B257B9DA500F60B08 /* Managers */,
				EBB2255A257B9DA000F60B08 /* Models */,
				EBB22555257B9D8100F60B08 /* Resources */,
				EBB22559257B9D9600F60B08 /* Services */,
				EBB22558257B9D9100F60B08 /* UI */,
				EBB2255C257B9DC400F60B08 /* Utilities */,
			);
			path = NetworkLayer;
			sourceTree = "<group>";
		};
		EBB22552257B9D4800F60B08 /* App */ = {
			isa = PBXGroup;
			children = (
				EBB22548257B9C8300F60B08 /* Info.plist */,
				EBB2253A257B9C8200F60B08 /* AppDelegate.swift */,
				EBB2253C257B9C8200F60B08 /* SceneDelegate.swift */,
			);
			path = App;
			sourceTree = "<group>";
		};
		EBB22555257B9D8100F60B08 /* Resources */ = {
			isa = PBXGroup;
			children = (
				EBB22543257B9C8300F60B08 /* Assets.xcassets */,
				EBB22545257B9C8300F60B08 /* LaunchScreen.storyboard */,
			);
			path = Resources;
			sourceTree = "<group>";
		};
		EBB22558257B9D9100F60B08 /* UI */ = {
			isa = PBXGroup;
			children = (
				EBB2255E257B9DDB00F60B08 /* Home */,
			);
			path = UI;
			sourceTree = "<group>";
		};
		EBB22559257B9D9600F60B08 /* Services */ = {
			isa = PBXGroup;
			children = (
				EBB2258A257C108A00F60B08 /* Service.swift */,
			);
			path = Services;
			sourceTree = "<group>";
		};
		EBB2255A257B9DA000F60B08 /* Models */ = {
			isa = PBXGroup;
			children = (
				EBB2258D257C10D200F60B08 /* Movie */,
				EBB22563257B9E4300F60B08 /* ServicesModels */,
			);
			path = Models;
			sourceTree = "<group>";
		};
		EBB2255B257B9DA500F60B08 /* Managers */ = {
			isa = PBXGroup;
			children = (
				EBB22587257C0D8E00F60B08 /* ServiceMenager.swift */,
			);
			path = Managers;
			sourceTree = "<group>";
		};
		EBB2255C257B9DC400F60B08 /* Utilities */ = {
			isa = PBXGroup;
			children = (
				EBB22575257BA23000F60B08 /* Extension */,
				EBB22569257B9FE800F60B08 /* Constants */,
			);
			path = Utilities;
			sourceTree = "<group>";
		};
		EBB2255E257B9DDB00F60B08 /* Home */ = {
			isa = PBXGroup;
			children = (
				EBB2255F257B9DF300F60B08 /* HomeViewController.swift */,
			);
			path = Home;
			sourceTree = "<group>";
		};
		EBB22563257B9E4300F60B08 /* ServicesModels */ = {
			isa = PBXGroup;
			children = (
				EBB22565257B9E5800F60B08 /* RequestModel.swift */,
				EBB22572257BA1C900F60B08 /* ErrorModel.swift */,
				EBB2257C257BC6B800F60B08 /* ResponseModel.swift */,
			);
			path = ServicesModels;
			sourceTree = "<group>";
		};
		EBB22569257B9FE800F60B08 /* Constants */ = {
			isa = PBXGroup;
			children = (
				EBB2256E257BA00E00F60B08 /* NetworkConstants */,
				EBB2256A257B9FF700F60B08 /* Constant.swift */,
				EBB22579257BA41800F60B08 /* ErrorKey.swift */,
			);
			path = Constants;
			sourceTree = "<group>";
		};
		EBB2256E257BA00E00F60B08 /* NetworkConstants */ = {
			isa = PBXGroup;
			children = (
				EBB2256F257BA02100F60B08 /* NetworkConstants.swift */,
			);
			path = NetworkConstants;
			sourceTree = "<group>";
		};
		EBB22575257BA23000F60B08 /* Extension */ = {
			isa = PBXGroup;
			children = (
				EBB22576257BA24200F60B08 /* String+Extension.swift */,
			);
			path = Extension;
			sourceTree = "<group>";
		};
		EBB2258D257C10D200F60B08 /* Movie */ = {
			isa = PBXGroup;
			children = (
				EBB2258E257C111200F60B08 /* MovieRequestModel.swift */,
				EBB22593257C11A800F60B08 /* MovieResponseModel.swift */,
			);
			path = Movie;
			sourceTree = "<group>";
		};
/* End PBXGroup section */

/* Begin PBXNativeTarget section */
		EBB22536257B9C8200F60B08 /* NetworkLayer */ = {
			isa = PBXNativeTarget;
			buildConfigurationList = EBB2254B257B9C8300F60B08 /* Build configuration list for PBXNativeTarget "NetworkLayer" */;
			buildPhases = (
				2C87C352C3D2F3EE28E23101 /* [CP] Check Pods Manifest.lock */,
				EBB22533257B9C8200F60B08 /* Sources */,
				EBB22534257B9C8200F60B08 /* Frameworks */,
				EBB22535257B9C8200F60B08 /* Resources */,
				F030BDCBD498C3C887081B3F /* [CP] Embed Pods Frameworks */,
			);
			buildRules = (
			);
			dependencies = (
			);
			name = NetworkLayer;
			productName = NetworkLayer;
			productReference = EBB22537257B9C8200F60B08 /* NetworkLayer.app */;
			productType = "com.apple.product-type.application";
		};
/* End PBXNativeTarget section */

/* Begin PBXProject section */
		EBB2252F257B9C8200F60B08 /* Project object */ = {
			isa = PBXProject;
			attributes = {
				LastSwiftUpdateCheck = 1220;
				LastUpgradeCheck = 1220;
				TargetAttributes = {
					EBB22536257B9C8200F60B08 = {
						CreatedOnToolsVersion = 12.2;
					};
				};
			};
			buildConfigurationList = EBB22532257B9C8200F60B08 /* Build configuration list for PBXProject "NetworkLayer" */;
			compatibilityVersion = "Xcode 9.3";
			developmentRegion = en;
			hasScannedForEncodings = 0;
			knownRegions = (
				en,
				Base,
			);
			mainGroup = EBB2252E257B9C8200F60B08;
			productRefGroup = EBB22538257B9C8200F60B08 /* Products */;
			projectDirPath = "";
			projectRoot = "";
			targets = (
				EBB22536257B9C8200F60B08 /* NetworkLayer */,
			);
		};
/* End PBXProject section */

/* Begin PBXResourcesBuildPhase section */
		EBB22535257B9C8200F60B08 /* Resources */ = {
			isa = PBXResourcesBuildPhase;
			buildActionMask = 2147483647;
			files = (
				EBB22547257B9C8300F60B08 /* LaunchScreen.storyboard in Resources */,
				EBB22544257B9C8300F60B08 /* Assets.xcassets in Resources */,
			);
			runOnlyForDeploymentPostprocessing = 0;
		};
/* End PBXResourcesBuildPhase section */

/* Begin PBXShellScriptBuildPhase section */
		2C87C352C3D2F3EE28E23101 /* [CP] Check Pods Manifest.lock */ = {
			isa = PBXShellScriptBuildPhase;
			buildActionMask = 2147483647;
			files = (
			);
			inputFileListPaths = (
			);
			inputPaths = (
				"${PODS_PODFILE_DIR_PATH}/Podfile.lock",
				"${PODS_ROOT}/Manifest.lock",
			);
			name = "[CP] Check Pods Manifest.lock";
			outputFileListPaths = (
			);
			outputPaths = (
				"$(DERIVED_FILE_DIR)/Pods-NetworkLayer-checkManifestLockResult.txt",
			);
			runOnlyForDeploymentPostprocessing = 0;
			shellPath = /bin/sh;
			shellScript = "diff \"${PODS_PODFILE_DIR_PATH}/Podfile.lock\" \"${PODS_ROOT}/Manifest.lock\" > /dev/null\nif [ $? != 0 ] ; then\n    # print error to STDERR\n    echo \"error: The sandbox is not in sync with the Podfile.lock. Run 'pod install' or update your CocoaPods installation.\" >&2\n    exit 1\nfi\n# This output is used by Xcode 'outputs' to avoid re-running this script phase.\necho \"SUCCESS\" > \"${SCRIPT_OUTPUT_FILE_0}\"\n";
			showEnvVarsInLog = 0;
		};
		F030BDCBD498C3C887081B3F /* [CP] Embed Pods Frameworks */ = {
			isa = PBXShellScriptBuildPhase;
			buildActionMask = 2147483647;
			files = (
			);
			inputFileListPaths = (
				"${PODS_ROOT}/Target Support Files/Pods-NetworkLayer/Pods-NetworkLayer-frameworks-${CONFIGURATION}-input-files.xcfilelist",
			);
			name = "[CP] Embed Pods Frameworks";
			outputFileListPaths = (
				"${PODS_ROOT}/Target Support Files/Pods-NetworkLayer/Pods-NetworkLayer-frameworks-${CONFIGURATION}-output-files.xcfilelist",
			);
			runOnlyForDeploymentPostprocessing = 0;
			shellPath = /bin/sh;
			shellScript = "\"${PODS_ROOT}/Target Support Files/Pods-NetworkLayer/Pods-NetworkLayer-frameworks.sh\"\n";
			showEnvVarsInLog = 0;
		};
/* End PBXShellScriptBuildPhase section */

/* Begin PBXSourcesBuildPhase section */
		EBB22533257B9C8200F60B08 /* Sources */ = {
			isa = PBXSourcesBuildPhase;
			buildActionMask = 2147483647;
			files = (
				EBB22577257BA24200F60B08 /* String+Extension.swift in Sources */,
				EBB22594257C11A800F60B08 /* MovieResponseModel.swift in Sources */,
				EBB2257A257BA41800F60B08 /* ErrorKey.swift in Sources */,
				EBB22573257BA1C900F60B08 /* ErrorModel.swift in Sources */,
				EBB22570257BA02100F60B08 /* NetworkConstants.swift in Sources */,
				EBB2253B257B9C8200F60B08 /* AppDelegate.swift in Sources */,
				EBB2258B257C108A00F60B08 /* Service.swift in Sources */,
				EBB2253D257B9C8200F60B08 /* SceneDelegate.swift in Sources */,
				EBB2256B257B9FF700F60B08 /* Constant.swift in Sources */,
				EBB22588257C0D8E00F60B08 /* ServiceMenager.swift in Sources */,
				EBB22560257B9DF300F60B08 /* HomeViewController.swift in Sources */,
				EBB2257D257BC6B800F60B08 /* ResponseModel.swift in Sources */,
				EBB2258F257C111200F60B08 /* MovieRequestModel.swift in Sources */,
				EBB22566257B9E5800F60B08 /* RequestModel.swift in Sources */,
			);
			runOnlyForDeploymentPostprocessing = 0;
		};
/* End PBXSourcesBuildPhase section */

/* Begin PBXVariantGroup section */
		EBB22545257B9C8300F60B08 /* LaunchScreen.storyboard */ = {
			isa = PBXVariantGroup;
			children = (
				EBB22546257B9C8300F60B08 /* Base */,
			);
			name = LaunchScreen.storyboard;
			sourceTree = "<group>";
		};
/* End PBXVariantGroup section */

/* Begin XCBuildConfiguration section */
		EBB22549257B9C8300F60B08 /* Debug */ = {
			isa = XCBuildConfiguration;
			buildSettings = {
				ALWAYS_SEARCH_USER_PATHS = NO;
				CLANG_ANALYZER_NONNULL = YES;
				CLANG_ANALYZER_NUMBER_OBJECT_CONVERSION = YES_AGGRESSIVE;
				CLANG_CXX_LANGUAGE_STANDARD = "gnu++14";
				CLANG_CXX_LIBRARY = "libc++";
				CLANG_ENABLE_MODULES = YES;
				CLANG_ENABLE_OBJC_ARC = YES;
				CLANG_ENABLE_OBJC_WEAK = YES;
				CLANG_WARN_BLOCK_CAPTURE_AUTORELEASING = YES;
				CLANG_WARN_BOOL_CONVERSION = YES;
				CLANG_WARN_COMMA = YES;
				CLANG_WARN_CONSTANT_CONVERSION = YES;
				CLANG_WARN_DEPRECATED_OBJC_IMPLEMENTATIONS = YES;
				CLANG_WARN_DIRECT_OBJC_ISA_USAGE = YES_ERROR;
				CLANG_WARN_DOCUMENTATION_COMMENTS = YES;
				CLANG_WARN_EMPTY_BODY = YES;
				CLANG_WARN_ENUM_CONVERSION = YES;
				CLANG_WARN_INFINITE_RECURSION = YES;
				CLANG_WARN_INT_CONVERSION = YES;
				CLANG_WARN_NON_LITERAL_NULL_CONVERSION = YES;
				CLANG_WARN_OBJC_IMPLICIT_RETAIN_SELF = YES;
				CLANG_WARN_OBJC_LITERAL_CONVERSION = YES;
				CLANG_WARN_OBJC_ROOT_CLASS = YES_ERROR;
				CLANG_WARN_QUOTED_INCLUDE_IN_FRAMEWORK_HEADER = YES;
				CLANG_WARN_RANGE_LOOP_ANALYSIS = YES;
				CLANG_WARN_STRICT_PROTOTYPES = YES;
				CLANG_WARN_SUSPICIOUS_MOVE = YES;
				CLANG_WARN_UNGUARDED_AVAILABILITY = YES_AGGRESSIVE;
				CLANG_WARN_UNREACHABLE_CODE = YES;
				CLANG_WARN__DUPLICATE_METHOD_MATCH = YES;
				COPY_PHASE_STRIP = NO;
				DEBUG_INFORMATION_FORMAT = dwarf;
				ENABLE_STRICT_OBJC_MSGSEND = YES;
				ENABLE_TESTABILITY = YES;
				GCC_C_LANGUAGE_STANDARD = gnu11;
				GCC_DYNAMIC_NO_PIC = NO;
				GCC_NO_COMMON_BLOCKS = YES;
				GCC_OPTIMIZATION_LEVEL = 0;
				GCC_PREPROCESSOR_DEFINITIONS = (
					"DEBUG=1",
					"$(inherited)",
				);
				GCC_WARN_64_TO_32_BIT_CONVERSION = YES;
				GCC_WARN_ABOUT_RETURN_TYPE = YES_ERROR;
				GCC_WARN_UNDECLARED_SELECTOR = YES;
				GCC_WARN_UNINITIALIZED_AUTOS = YES_AGGRESSIVE;
				GCC_WARN_UNUSED_FUNCTION = YES;
				GCC_WARN_UNUSED_VARIABLE = YES;
				IPHONEOS_DEPLOYMENT_TARGET = 14.2;
				MTL_ENABLE_DEBUG_INFO = INCLUDE_SOURCE;
				MTL_FAST_MATH = YES;
				ONLY_ACTIVE_ARCH = YES;
				SDKROOT = iphoneos;
				SWIFT_ACTIVE_COMPILATION_CONDITIONS = DEBUG;
				SWIFT_OPTIMIZATION_LEVEL = "-Onone";
			};
			name = Debug;
		};
		EBB2254A257B9C8300F60B08 /* Release */ = {
			isa = XCBuildConfiguration;
			buildSettings = {
				ALWAYS_SEARCH_USER_PATHS = NO;
				CLANG_ANALYZER_NONNULL = YES;
				CLANG_ANALYZER_NUMBER_OBJECT_CONVERSION = YES_AGGRESSIVE;
				CLANG_CXX_LANGUAGE_STANDARD = "gnu++14";
				CLANG_CXX_LIBRARY = "libc++";
				CLANG_ENABLE_MODULES = YES;
				CLANG_ENABLE_OBJC_ARC = YES;
				CLANG_ENABLE_OBJC_WEAK = YES;
				CLANG_WARN_BLOCK_CAPTURE_AUTORELEASING = YES;
				CLANG_WARN_BOOL_CONVERSION = YES;
				CLANG_WARN_COMMA = YES;
				CLANG_WARN_CONSTANT_CONVERSION = YES;
				CLANG_WARN_DEPRECATED_OBJC_IMPLEMENTATIONS = YES;
				CLANG_WARN_DIRECT_OBJC_ISA_USAGE = YES_ERROR;
				CLANG_WARN_DOCUMENTATION_COMMENTS = YES;
				CLANG_WARN_EMPTY_BODY = YES;
				CLANG_WARN_ENUM_CONVERSION = YES;
				CLANG_WARN_INFINITE_RECURSION = YES;
				CLANG_WARN_INT_CONVERSION = YES;
				CLANG_WARN_NON_LITERAL_NULL_CONVERSION = YES;
				CLANG_WARN_OBJC_IMPLICIT_RETAIN_SELF = YES;
				CLANG_WARN_OBJC_LITERAL_CONVERSION = YES;
				CLANG_WARN_OBJC_ROOT_CLASS = YES_ERROR;
				CLANG_WARN_QUOTED_INCLUDE_IN_FRAMEWORK_HEADER = YES;
				CLANG_WARN_RANGE_LOOP_ANALYSIS = YES;
				CLANG_WARN_STRICT_PROTOTYPES = YES;
				CLANG_WARN_SUSPICIOUS_MOVE = YES;
				CLANG_WARN_UNGUARDED_AVAILABILITY = YES_AGGRESSIVE;
				CLANG_WARN_UNREACHABLE_CODE = YES;
				CLANG_WARN__DUPLICATE_METHOD_MATCH = YES;
				COPY_PHASE_STRIP = NO;
				DEBUG_INFORMATION_FORMAT = "dwarf-with-dsym";
				ENABLE_NS_ASSERTIONS = NO;
				ENABLE_STRICT_OBJC_MSGSEND = YES;
				GCC_C_LANGUAGE_STANDARD = gnu11;
				GCC_NO_COMMON_BLOCKS = YES;
				GCC_WARN_64_TO_32_BIT_CONVERSION = YES;
				GCC_WARN_ABOUT_RETURN_TYPE = YES_ERROR;
				GCC_WARN_UNDECLARED_SELECTOR = YES;
				GCC_WARN_UNINITIALIZED_AUTOS = YES_AGGRESSIVE;
				GCC_WARN_UNUSED_FUNCTION = YES;
				GCC_WARN_UNUSED_VARIABLE = YES;
				IPHONEOS_DEPLOYMENT_TARGET = 14.2;
				MTL_ENABLE_DEBUG_INFO = NO;
				MTL_FAST_MATH = YES;
				SDKROOT = iphoneos;
				SWIFT_COMPILATION_MODE = wholemodule;
				SWIFT_OPTIMIZATION_LEVEL = "-O";
				VALIDATE_PRODUCT = YES;
			};
			name = Release;
		};
		EBB2254C257B9C8300F60B08 /* Debug */ = {
			isa = XCBuildConfiguration;
			baseConfigurationReference = 6184AB95950772C67346B8D2 /* Pods-NetworkLayer.debug.xcconfig */;
			buildSettings = {
				ASSETCATALOG_COMPILER_APPICON_NAME = AppIcon;
				ASSETCATALOG_COMPILER_GLOBAL_ACCENT_COLOR_NAME = AccentColor;
				CODE_SIGN_STYLE = Automatic;
				DEVELOPMENT_TEAM = 5PWZ728Y8S;
				INFOPLIST_FILE = NetworkLayer/App/Info.plist;
				LD_RUNPATH_SEARCH_PATHS = (
					"$(inherited)",
					"@executable_path/Frameworks",
				);
				PRODUCT_BUNDLE_IDENTIFIER = com.mct.NetworkLayer;
				PRODUCT_NAME = "$(TARGET_NAME)";
				SWIFT_VERSION = 5.0;
				TARGETED_DEVICE_FAMILY = "1,2";
			};
			name = Debug;
		};
		EBB2254D257B9C8300F60B08 /* Release */ = {
			isa = XCBuildConfiguration;
			baseConfigurationReference = E6BF20ABBC7BEB6E4FCC5D82 /* Pods-NetworkLayer.release.xcconfig */;
			buildSettings = {
				ASSETCATALOG_COMPILER_APPICON_NAME = AppIcon;
				ASSETCATALOG_COMPILER_GLOBAL_ACCENT_COLOR_NAME = AccentColor;
				CODE_SIGN_STYLE = Automatic;
				DEVELOPMENT_TEAM = 5PWZ728Y8S;
				INFOPLIST_FILE = NetworkLayer/App/Info.plist;
				LD_RUNPATH_SEARCH_PATHS = (
					"$(inherited)",
					"@executable_path/Frameworks",
				);
				PRODUCT_BUNDLE_IDENTIFIER = com.mct.NetworkLayer;
				PRODUCT_NAME = "$(TARGET_NAME)";
				SWIFT_VERSION = 5.0;
				TARGETED_DEVICE_FAMILY = "1,2";
			};
			name = Release;
		};
/* End XCBuildConfiguration section */

/* Begin XCConfigurationList section */
		EBB22532257B9C8200F60B08 /* Build configuration list for PBXProject "NetworkLayer" */ = {
			isa = XCConfigurationList;
			buildConfigurations = (
				EBB22549257B9C8300F60B08 /* Debug */,
				EBB2254A257B9C8300F60B08 /* Release */,
			);
			defaultConfigurationIsVisible = 0;
			defaultConfigurationName = Release;
		};
		EBB2254B257B9C8300F60B08 /* Build configuration list for PBXNativeTarget "NetworkLayer" */ = {
			isa = XCConfigurationList;
			buildConfigurations = (
				EBB2254C257B9C8300F60B08 /* Debug */,
				EBB2254D257B9C8300F60B08 /* Release */,
			);
			defaultConfigurationIsVisible = 0;
			defaultConfigurationName = Release;
		};
/* End XCConfigurationList section */
	};
	rootObject = EBB2252F257B9C8200F60B08 /* Project object */;
}
